<?xml version="1.0" encoding="utf-8"?>
<Project ToolsVersion="4.0" xmlns="http://schemas.microsoft.com/developer/msbuild/2003">
  <ItemGroup>
    <Filter Include="Source Files">
      <UniqueIdentifier>{4FC737F1-C7A5-4376-A066-2A32D752A2FF}</UniqueIdentifier>
      <Extensions>cpp;c;cc;cxx;c++;cppm;ixx;def;odl;idl;hpj;bat;asm;asmx</Extensions>
    </Filter>
    <Filter Include="Res">
      <UniqueIdentifier>{d13e9058-3f30-497a-a630-245a9fd589fa}</UniqueIdentifier>
    </Filter>
    <Filter Include="Res\Shaders">
      <UniqueIdentifier>{64ed0457-0bf2-455d-8db4-0eb6ee4b8e95}</UniqueIdentifier>
    </Filter>
  </ItemGroup>
  <ItemGroup>
    <ClCompile Include="MyTry.cpp">
      <Filter>Source Files</Filter>
    </ClCompile>
    <ClCompile Include="RainbowSqaure.cpp">
      <Filter>Source Files</Filter>
    </ClCompile>
    <ClCompile Include="..\..\..\..\..\..\..\Softwares\Clibs\glad\src\glad.c">
      <Filter>Source Files</Filter>
    </ClCompile>
  </ItemGroup>
  <ItemGroup>
    <None Include="res\Basic.shader">
      <Filter>Res\Shaders</Filter>
    </None>
  </ItemGroup>
</Project>