<?xml version="1.0" encoding="utf-8"?>
<Project ToolsVersion="4.0" xmlns="http://schemas.microsoft.com/developer/msbuild/2003">
  <ItemGroup>
    <Filter Include="Source Files">
      <UniqueIdentifier>{4FC737F1-C7A5-4376-A066-2A32D752A2FF}</UniqueIdentifier>
      <Extensions>cpp;c;cc;cxx;c++;cppm;ixx;def;odl;idl;hpj;bat;asm;asmx</Extensions>
    </Filter>
    <Filter Include="Res">
      <UniqueIdentifier>{d13e9058-3f30-497a-a630-245a9fd589fa}</UniqueIdentifier>
    </Filter>
    <Filter Include="HeaderFiles">
      <UniqueIdentifier>{452a912a-131c-46e5-a425-fabebb193da3}</UniqueIdentifier>
    </Filter>
  </ItemGroup>
  <ItemGroup>
    <ClCompile Include="MyTry.cpp">
      <Filter>Source Files</Filter>
    </ClCompile>
    <ClCompile Include="RainbowSqaure.cpp">
      <Filter>Source Files</Filter>
    </ClCompile>
    <ClCompile Include="VertexBuffer.cpp">
      <Filter>Source Files</Filter>
    </ClCompile>
    <ClCompile Include="..\..\..\..\..\..\..\Softwares\Clibs\glad\src\glad.c">
      <Filter>HeaderFiles</Filter>
    </ClCompile>
    <ClCompile Include="Renderer.cpp">
      <Filter>Source Files</Filter>
    </ClCompile>
    <ClCompile Include="IndexBuffer.cpp">
      <Filter>Source Files</Filter>
    </ClCompile>
    <ClCompile Include="VertexArray.cpp">
      <Filter>Source Files</Filter>
    </ClCompile>
    <ClCompile Include="BufferLayout.cpp">
      <Filter>Source Files</Filter>
    </ClCompile>
    <ClCompile Include="Shader.cpp">
      <Filter>Source Files</Filter>
    </ClCompile>
    <ClCompile Include="res\stb_image.cpp">
      <Filter>Res</Filter>
    </ClCompile>
    <ClCompile Include="Texture.cpp">
      <Filter>Source Files</Filter>
    </ClCompile>
  </ItemGroup>
  <ItemGroup>
    <ClInclude Include="VertexBuffer.h">
      <Filter>HeaderFiles</Filter>
    </ClInclude>
    <ClInclude Include="Renderer.h">
      <Filter>HeaderFiles</Filter>
    </ClInclude>
    <ClInclude Include="IndexBuffer.h">
      <Filter>HeaderFiles</Filter>
    </ClInclude>
    <ClInclude Include="BufferLayout.h">
      <Filter>HeaderFiles</Filter>
    </ClInclude>
    <ClInclude Include="VertexArray.h">
      <Filter>HeaderFiles</Filter>
    </ClInclude>
    <ClInclude Include="Shader.h">
      <Filter>HeaderFiles</Filter>
    </ClInclude>
    <ClInclude Include="res\stb_image.h">
      <Filter>Res</Filter>
    </ClInclude>
    <ClInclude Include="Texture.h">
      <Filter>HeaderFiles</Filter>
    </ClInclude>
  </ItemGroup>
  <ItemGroup>
    <None Include="res\Basic.shader">
      <Filter>Res</Filter>
    </None>
  </ItemGroup>
</Project>